PODS:
  - EliqModels (0.1.23)
  - EliqUI (0.1.7):
    - EliqModels
    - SnapKit (~> 5.0)
  - SnapKit (5.0.0)

DEPENDENCIES:
  - EliqModels
  - EliqUI (from `../`)
  - SnapKit (~> 5.0)

SPEC REPOS:
  https://github.com/cocoapods/specs.git:
    - SnapKit
  https://github.com/mert-serin/PodSpec:
    - EliqModels

EXTERNAL SOURCES:
  EliqUI:
    :path: "../"

SPEC CHECKSUMS:
  EliqModels: a9bea29dfe7be6869744a6a36354e2bd092f214c
  EliqUI: 76035e42a5f47afe2a049f29e5719b754a841525
  SnapKit: fd22d10eb9aff484d79a8724eab922c1ddf89bcf

PODFILE CHECKSUM: 9ba0cd97bac6ea7e4bf5b010e29da1f185207003

COCOAPODS: 1.7.4
